
Microsoft Visual Studio Solution File, Format Version 12.00
Project("{FAE04EC0-301F-11D3-BF4B-00C04F79EFBC}") = "Nuget-Testing", "Nuget-Testing\Nuget-Testing.csproj", "{C303737B-5843-4422-82E9-1640EAAE79E7}"
EndProject
Global
	GlobalSection(SolutionConfigurationPlatforms) = preSolution
		Debug|Any CPU = Debug|Any CPU
		Release|Any CPU = Release|Any CPU
	EndGlobalSection
	GlobalSection(ProjectConfigurationPlatforms) = postSolution
		{C303737B-5843-4422-82E9-1640EAAE79E7}.Debug|Any CPU.ActiveCfg = Debug|Any CPU
		{C303737B-5843-4422-82E9-1640EAAE79E7}.Debug|Any CPU.Build.0 = Debug|Any CPU
		{C303737B-5843-4422-82E9-1640EAAE79E7}.Release|Any CPU.ActiveCfg = Release|Any CPU
		{C303737B-5843-4422-82E9-1640EAAE79E7}.Release|Any CPU.Build.0 = Release|Any CPU
	EndGlobalSection
EndGlobal
